
Microsoft Visual Studio Solution File, Format Version 12.00
# Visual Studio Version 17
VisualStudioVersion = 17.0.32112.339
MinimumVisualStudioVersion = 10.0.40219.1
Project("{FAE04EC0-301F-11D3-BF4B-00C04F79EFBC}") = "Student Information", "Student Information\Student Information.csproj", "{1D9DE674-8B9E-409E-8F78-B2D6A3AF6A17}"
EndProject
Global
	GlobalSection(SolutionConfigurationPlatforms) = preSolution
		Debug|Any CPU = Debug|Any CPU
		Release|Any CPU = Release|Any CPU
	EndGlobalSection
	GlobalSection(ProjectConfigurationPlatforms) = postSolution
		{1D9DE674-8B9E-409E-8F78-B2D6A3AF6A17}.Debug|Any CPU.ActiveCfg = Debug|Any CPU
		{1D9DE674-8B9E-409E-8F78-B2D6A3AF6A17}.Debug|Any CPU.Build.0 = Debug|Any CPU
		{1D9DE674-8B9E-409E-8F78-B2D6A3AF6A17}.Release|Any CPU.ActiveCfg = Release|Any CPU
		{1D9DE674-8B9E-409E-8F78-B2D6A3AF6A17}.Release|Any CPU.Build.0 = Release|Any CPU
	EndGlobalSection
	GlobalSection(SolutionProperties) = preSolution
		HideSolutionNode = FALSE
	EndGlobalSection
	GlobalSection(ExtensibilityGlobals) = postSolution
		SolutionGuid = {41E18308-E528-485D-BFBB-A607A5E1BDD4}
	EndGlobalSection
EndGlobal
